
Microsoft Visual Studio Solution File, Format Version 11.00
# Visual C++ Express 2010
Project("{8BC9CEB8-8B4A-11D0-8D11-00A0C91BC942}") = "p2pSocket", "p2pSocket\p2pSocket.vcxproj", "{F9839836-D344-4EBA-9BCD-4CC764B548AD}"
EndProject
Global
	GlobalSection(SolutionConfigurationPlatforms) = preSolution
		Debug|Win32 = Debug|Win32
		Release|Win32 = Release|Win32
	EndGlobalSection
	GlobalSection(ProjectConfigurationPlatforms) = postSolution
		{F9839836-D344-4EBA-9BCD-4CC764B548AD}.Debug|Win32.ActiveCfg = Debug|Win32
		{F9839836-D344-4EBA-9BCD-4CC764B548AD}.Debug|Win32.Build.0 = Debug|Win32
		{F9839836-D344-4EBA-9BCD-4CC764B548AD}.Release|Win32.ActiveCfg = Release|Win32
		{F9839836-D344-4EBA-9BCD-4CC764B548AD}.Release|Win32.Build.0 = Release|Win32
	EndGlobalSection
	GlobalSection(SolutionProperties) = preSolution
		HideSolutionNode = FALSE
	EndGlobalSection
EndGlobal
